// !$*UTF8*$!
{
	archiveVersion = 1;
	classes = {
	};
	objectVersion = 56;
	objects = {

/* Begin PBXBuildFile section */
		6C684DE12B7F411C00871799 /* TaskListController.swift in Sources */ = {isa = PBXBuildFile; fileRef = 6C684DE02B7F411C00871799 /* TaskListController.swift */; };
		6C684DE42B7F433200871799 /* Task.swift in Sources */ = {isa = PBXBuildFile; fileRef = 6C684DE32B7F433200871799 /* Task.swift */; };
		6C684DE62B7F449900871799 /* TasksStorage.swift in Sources */ = {isa = PBXBuildFile; fileRef = 6C684DE52B7F449900871799 /* TasksStorage.swift */; };
		6C684DEB2B7F645B00871799 /* TaskCell.swift in Sources */ = {isa = PBXBuildFile; fileRef = 6C684DEA2B7F645B00871799 /* TaskCell.swift */; };
		6C6C028E2B80CB450054EF00 /* TaskEditController.swift in Sources */ = {isa = PBXBuildFile; fileRef = 6C6C028D2B80CB450054EF00 /* TaskEditController.swift */; };
		6C6C02902B80E4840054EF00 /* TaskTypeController.swift in Sources */ = {isa = PBXBuildFile; fileRef = 6C6C028F2B80E4840054EF00 /* TaskTypeController.swift */; };
		6C6C02932B80ECE90054EF00 /* TaskTypeCell.swift in Sources */ = {isa = PBXBuildFile; fileRef = 6C6C02912B80ECE90054EF00 /* TaskTypeCell.swift */; };
		6C6C02942B80ECE90054EF00 /* TaskTypeCell.xib in Resources */ = {isa = PBXBuildFile; fileRef = 6C6C02922B80ECE90054EF00 /* TaskTypeCell.xib */; };
		6C74922D2B7E3CAA008A5CF1 /* AppDelegate.swift in Sources */ = {isa = PBXBuildFile; fileRef = 6C74922C2B7E3CAA008A5CF1 /* AppDelegate.swift */; };
		6C74922F2B7E3CAA008A5CF1 /* SceneDelegate.swift in Sources */ = {isa = PBXBuildFile; fileRef = 6C74922E2B7E3CAA008A5CF1 /* SceneDelegate.swift */; };
		6C7492342B7E3CAA008A5CF1 /* Main.storyboard in Resources */ = {isa = PBXBuildFile; fileRef = 6C7492322B7E3CAA008A5CF1 /* Main.storyboard */; };
		6C7492362B7E3CAB008A5CF1 /* Assets.xcassets in Resources */ = {isa = PBXBuildFile; fileRef = 6C7492352B7E3CAB008A5CF1 /* Assets.xcassets */; };
		6C7492392B7E3CAB008A5CF1 /* LaunchScreen.storyboard in Resources */ = {isa = PBXBuildFile; fileRef = 6C7492372B7E3CAB008A5CF1 /* LaunchScreen.storyboard */; };
		6C7627B12B84B29100508DBD /* EmptyRowCell.swift in Sources */ = {isa = PBXBuildFile; fileRef = 6C7627AF2B84B29100508DBD /* EmptyRowCell.swift */; };
		6C7627B22B84B29100508DBD /* EmptyRowCell.xib in Resources */ = {isa = PBXBuildFile; fileRef = 6C7627B02B84B29100508DBD /* EmptyRowCell.xib */; };
/* End PBXBuildFile section */

/* Begin PBXFileReference section */
		6C684DE02B7F411C00871799 /* TaskListController.swift */ = {isa = PBXFileReference; lastKnownFileType = sourcecode.swift; path = TaskListController.swift; sourceTree = "<group>"; };
		6C684DE32B7F433200871799 /* Task.swift */ = {isa = PBXFileReference; lastKnownFileType = sourcecode.swift; path = Task.swift; sourceTree = "<group>"; };
		6C684DE52B7F449900871799 /* TasksStorage.swift */ = {isa = PBXFileReference; lastKnownFileType = sourcecode.swift; path = TasksStorage.swift; sourceTree = "<group>"; };
		6C684DEA2B7F645B00871799 /* TaskCell.swift */ = {isa = PBXFileReference; lastKnownFileType = sourcecode.swift; path = TaskCell.swift; sourceTree = "<group>"; };
		6C6C028D2B80CB450054EF00 /* TaskEditController.swift */ = {isa = PBXFileReference; lastKnownFileType = sourcecode.swift; path = TaskEditController.swift; sourceTree = "<group>"; };
		6C6C028F2B80E4840054EF00 /* TaskTypeController.swift */ = {isa = PBXFileReference; lastKnownFileType = sourcecode.swift; path = TaskTypeController.swift; sourceTree = "<group>"; };
		6C6C02912B80ECE90054EF00 /* TaskTypeCell.swift */ = {isa = PBXFileReference; lastKnownFileType = sourcecode.swift; path = TaskTypeCell.swift; sourceTree = "<group>"; };
		6C6C02922B80ECE90054EF00 /* TaskTypeCell.xib */ = {isa = PBXFileReference; lastKnownFileType = file.xib; path = TaskTypeCell.xib; sourceTree = "<group>"; };
		6C7492292B7E3CAA008A5CF1 /* To-Do Manager.app */ = {isa = PBXFileReference; explicitFileType = wrapper.application; includeInIndex = 0; path = "To-Do Manager.app"; sourceTree = BUILT_PRODUCTS_DIR; };
		6C74922C2B7E3CAA008A5CF1 /* AppDelegate.swift */ = {isa = PBXFileReference; lastKnownFileType = sourcecode.swift; path = AppDelegate.swift; sourceTree = "<group>"; };
		6C74922E2B7E3CAA008A5CF1 /* SceneDelegate.swift */ = {isa = PBXFileReference; lastKnownFileType = sourcecode.swift; path = SceneDelegate.swift; sourceTree = "<group>"; };
		6C7492332B7E3CAA008A5CF1 /* Base */ = {isa = PBXFileReference; lastKnownFileType = file.storyboard; name = Base; path = Base.lproj/Main.storyboard; sourceTree = "<group>"; };
		6C7492352B7E3CAB008A5CF1 /* Assets.xcassets */ = {isa = PBXFileReference; lastKnownFileType = folder.assetcatalog; path = Assets.xcassets; sourceTree = "<group>"; };
		6C7492382B7E3CAB008A5CF1 /* Base */ = {isa = PBXFileReference; lastKnownFileType = file.storyboard; name = Base; path = Base.lproj/LaunchScreen.storyboard; sourceTree = "<group>"; };
		6C74923A2B7E3CAB008A5CF1 /* Info.plist */ = {isa = PBXFileReference; lastKnownFileType = text.plist.xml; path = Info.plist; sourceTree = "<group>"; };
		6C7627AF2B84B29100508DBD /* EmptyRowCell.swift */ = {isa = PBXFileReference; lastKnownFileType = sourcecode.swift; path = EmptyRowCell.swift; sourceTree = "<group>"; };
		6C7627B02B84B29100508DBD /* EmptyRowCell.xib */ = {isa = PBXFileReference; lastKnownFileType = file.xib; path = EmptyRowCell.xib; sourceTree = "<group>"; };
/* End PBXFileReference section */

/* Begin PBXFrameworksBuildPhase section */
		6C7492262B7E3CAA008A5CF1 /* Frameworks */ = {
			isa = PBXFrameworksBuildPhase;
			buildActionMask = 2147483647;
			files = (
			);
			runOnlyForDeploymentPostprocessing = 0;
		};
/* End PBXFrameworksBuildPhase section */

/* Begin PBXGroup section */
		6C684DE22B7F431700871799 /* Model */ = {
			isa = PBXGroup;
			children = (
				6C684DE32B7F433200871799 /* Task.swift */,
				6C684DE52B7F449900871799 /* TasksStorage.swift */,
			);
			path = Model;
			sourceTree = "<group>";
		};
		6C684DE82B7F63DF00871799 /* View */ = {
			isa = PBXGroup;
			children = (
				6C7492322B7E3CAA008A5CF1 /* Main.storyboard */,
				6C684DE92B7F63F500871799 /* Cells */,
			);
			path = View;
			sourceTree = "<group>";
		};
		6C684DE92B7F63F500871799 /* Cells */ = {
			isa = PBXGroup;
			children = (
				6C684DEA2B7F645B00871799 /* TaskCell.swift */,
				6C7627AF2B84B29100508DBD /* EmptyRowCell.swift */,
				6C7627B02B84B29100508DBD /* EmptyRowCell.xib */,
				6C6C02912B80ECE90054EF00 /* TaskTypeCell.swift */,
				6C6C02922B80ECE90054EF00 /* TaskTypeCell.xib */,
			);
			path = Cells;
			sourceTree = "<group>";
		};
		6C7492202B7E3CAA008A5CF1 = {
			isa = PBXGroup;
			children = (
				6C74922B2B7E3CAA008A5CF1 /* To-Do Manager */,
				6C74922A2B7E3CAA008A5CF1 /* Products */,
			);
			sourceTree = "<group>";
		};
		6C74922A2B7E3CAA008A5CF1 /* Products */ = {
			isa = PBXGroup;
			children = (
				6C7492292B7E3CAA008A5CF1 /* To-Do Manager.app */,
			);
			name = Products;
			sourceTree = "<group>";
		};
		6C74922B2B7E3CAA008A5CF1 /* To-Do Manager */ = {
			isa = PBXGroup;
			children = (
				6C74922C2B7E3CAA008A5CF1 /* AppDelegate.swift */,
				6C74922E2B7E3CAA008A5CF1 /* SceneDelegate.swift */,
				6C684DE22B7F431700871799 /* Model */,
				6C684DE82B7F63DF00871799 /* View */,
				6C684DE02B7F411C00871799 /* TaskListController.swift */,
				6C6C028D2B80CB450054EF00 /* TaskEditController.swift */,
				6C6C028F2B80E4840054EF00 /* TaskTypeController.swift */,
				6C7492352B7E3CAB008A5CF1 /* Assets.xcassets */,
				6C7492372B7E3CAB008A5CF1 /* LaunchScreen.storyboard */,
				6C74923A2B7E3CAB008A5CF1 /* Info.plist */,
			);
			path = "To-Do Manager";
			sourceTree = "<group>";
		};
/* End PBXGroup section */

/* Begin PBXNativeTarget section */
		6C7492282B7E3CAA008A5CF1 /* To-Do Manager */ = {
			isa = PBXNativeTarget;
			buildConfigurationList = 6C74923D2B7E3CAB008A5CF1 /* Build configuration list for PBXNativeTarget "To-Do Manager" */;
			buildPhases = (
				6C7492252B7E3CAA008A5CF1 /* Sources */,
				6C7492262B7E3CAA008A5CF1 /* Frameworks */,
				6C7492272B7E3CAA008A5CF1 /* Resources */,
			);
			buildRules = (
			);
			dependencies = (
			);
			name = "To-Do Manager";
			productName = "To-Do Manager";
			productReference = 6C7492292B7E3CAA008A5CF1 /* To-Do Manager.app */;
			productType = "com.apple.product-type.application";
		};
/* End PBXNativeTarget section */

/* Begin PBXProject section */
		6C7492212B7E3CAA008A5CF1 /* Project object */ = {
			isa = PBXProject;
			attributes = {
				BuildIndependentTargetsInParallel = 1;
				LastSwiftUpdateCheck = 1500;
				LastUpgradeCheck = 1500;
				TargetAttributes = {
					6C7492282B7E3CAA008A5CF1 = {
						CreatedOnToolsVersion = 15.0.1;
					};
				};
			};
			buildConfigurationList = 6C7492242B7E3CAA008A5CF1 /* Build configuration list for PBXProject "To-Do Manager" */;
			compatibilityVersion = "Xcode 14.0";
			developmentRegion = en;
			hasScannedForEncodings = 0;
			knownRegions = (
				en,
				Base,
			);
			mainGroup = 6C7492202B7E3CAA008A5CF1;
			productRefGroup = 6C74922A2B7E3CAA008A5CF1 /* Products */;
			projectDirPath = "";
			projectRoot = "";
			targets = (
				6C7492282B7E3CAA008A5CF1 /* To-Do Manager */,
			);
		};
/* End PBXProject section */

/* Begin PBXResourcesBuildPhase section */
		6C7492272B7E3CAA008A5CF1 /* Resources */ = {
			isa = PBXResourcesBuildPhase;
			buildActionMask = 2147483647;
			files = (
				6C7492392B7E3CAB008A5CF1 /* LaunchScreen.storyboard in Resources */,
				6C7492362B7E3CAB008A5CF1 /* Assets.xcassets in Resources */,
				6C6C02942B80ECE90054EF00 /* TaskTypeCell.xib in Resources */,
				6C7492342B7E3CAA008A5CF1 /* Main.storyboard in Resources */,
				6C7627B22B84B29100508DBD /* EmptyRowCell.xib in Resources */,
			);
			runOnlyForDeploymentPostprocessing = 0;
		};
/* End PBXResourcesBuildPhase section */

/* Begin PBXSourcesBuildPhase section */
		6C7492252B7E3CAA008A5CF1 /* Sources */ = {
			isa = PBXSourcesBuildPhase;
			buildActionMask = 2147483647;
			files = (
				6C684DE42B7F433200871799 /* Task.swift in Sources */,
				6C74922D2B7E3CAA008A5CF1 /* AppDelegate.swift in Sources */,
				6C74922F2B7E3CAA008A5CF1 /* SceneDelegate.swift in Sources */,
				6C684DE62B7F449900871799 /* TasksStorage.swift in Sources */,
				6C7627B12B84B29100508DBD /* EmptyRowCell.swift in Sources */,
				6C6C02902B80E4840054EF00 /* TaskTypeController.swift in Sources */,
				6C684DEB2B7F645B00871799 /* TaskCell.swift in Sources */,
				6C684DE12B7F411C00871799 /* TaskListController.swift in Sources */,
				6C6C028E2B80CB450054EF00 /* TaskEditController.swift in Sources */,
				6C6C02932B80ECE90054EF00 /* TaskTypeCell.swift in Sources */,
			);
			runOnlyForDeploymentPostprocessing = 0;
		};
/* End PBXSourcesBuildPhase section */

/* Begin PBXVariantGroup section */
		6C7492322B7E3CAA008A5CF1 /* Main.storyboard */ = {
			isa = PBXVariantGroup;
			children = (
				6C7492332B7E3CAA008A5CF1 /* Base */,
			);
			name = Main.storyboard;
			sourceTree = "<group>";
		};
		6C7492372B7E3CAB008A5CF1 /* LaunchScreen.storyboard */ = {
			isa = PBXVariantGroup;
			children = (
				6C7492382B7E3CAB008A5CF1 /* Base */,
			);
			name = LaunchScreen.storyboard;
			sourceTree = "<group>";
		};
/* End PBXVariantGroup section */

/* Begin XCBuildConfiguration section */
		6C74923B2B7E3CAB008A5CF1 /* Debug */ = {
			isa = XCBuildConfiguration;
			buildSettings = {
				ALWAYS_SEARCH_USER_PATHS = NO;
				ASSETCATALOG_COMPILER_GENERATE_SWIFT_ASSET_SYMBOL_EXTENSIONS = YES;
				CLANG_ANALYZER_NONNULL = YES;
				CLANG_ANALYZER_NUMBER_OBJECT_CONVERSION = YES_AGGRESSIVE;
				CLANG_CXX_LANGUAGE_STANDARD = "gnu++20";
				CLANG_ENABLE_MODULES = YES;
				CLANG_ENABLE_OBJC_ARC = YES;
				CLANG_ENABLE_OBJC_WEAK = YES;
				CLANG_WARN_BLOCK_CAPTURE_AUTORELEASING = YES;
				CLANG_WARN_BOOL_CONVERSION = YES;
				CLANG_WARN_COMMA = YES;
				CLANG_WARN_CONSTANT_CONVERSION = YES;
				CLANG_WARN_DEPRECATED_OBJC_IMPLEMENTATIONS = YES;
				CLANG_WARN_DIRECT_OBJC_ISA_USAGE = YES_ERROR;
				CLANG_WARN_DOCUMENTATION_COMMENTS = YES;
				CLANG_WARN_EMPTY_BODY = YES;
				CLANG_WARN_ENUM_CONVERSION = YES;
				CLANG_WARN_INFINITE_RECURSION = YES;
				CLANG_WARN_INT_CONVERSION = YES;
				CLANG_WARN_NON_LITERAL_NULL_CONVERSION = YES;
				CLANG_WARN_OBJC_IMPLICIT_RETAIN_SELF = YES;
				CLANG_WARN_OBJC_LITERAL_CONVERSION = YES;
				CLANG_WARN_OBJC_ROOT_CLASS = YES_ERROR;
				CLANG_WARN_QUOTED_INCLUDE_IN_FRAMEWORK_HEADER = YES;
				CLANG_WARN_RANGE_LOOP_ANALYSIS = YES;
				CLANG_WARN_STRICT_PROTOTYPES = YES;
				CLANG_WARN_SUSPICIOUS_MOVE = YES;
				CLANG_WARN_UNGUARDED_AVAILABILITY = YES_AGGRESSIVE;
				CLANG_WARN_UNREACHABLE_CODE = YES;
				CLANG_WARN__DUPLICATE_METHOD_MATCH = YES;
				COPY_PHASE_STRIP = NO;
				DEBUG_INFORMATION_FORMAT = dwarf;
				ENABLE_STRICT_OBJC_MSGSEND = YES;
				ENABLE_TESTABILITY = YES;
				ENABLE_USER_SCRIPT_SANDBOXING = YES;
				GCC_C_LANGUAGE_STANDARD = gnu17;
				GCC_DYNAMIC_NO_PIC = NO;
				GCC_NO_COMMON_BLOCKS = YES;
				GCC_OPTIMIZATION_LEVEL = 0;
				GCC_PREPROCESSOR_DEFINITIONS = (
					"DEBUG=1",
					"$(inherited)",
				);
				GCC_WARN_64_TO_32_BIT_CONVERSION = YES;
				GCC_WARN_ABOUT_RETURN_TYPE = YES_ERROR;
				GCC_WARN_UNDECLARED_SELECTOR = YES;
				GCC_WARN_UNINITIALIZED_AUTOS = YES_AGGRESSIVE;
				GCC_WARN_UNUSED_FUNCTION = YES;
				GCC_WARN_UNUSED_VARIABLE = YES;
				IPHONEOS_DEPLOYMENT_TARGET = 17.0;
				LOCALIZATION_PREFERS_STRING_CATALOGS = YES;
				MTL_ENABLE_DEBUG_INFO = INCLUDE_SOURCE;
				MTL_FAST_MATH = YES;
				ONLY_ACTIVE_ARCH = YES;
				SDKROOT = iphoneos;
				SWIFT_ACTIVE_COMPILATION_CONDITIONS = "DEBUG $(inherited)";
				SWIFT_OPTIMIZATION_LEVEL = "-Onone";
			};
			name = Debug;
		};
		6C74923C2B7E3CAB008A5CF1 /* Release */ = {
			isa = XCBuildConfiguration;
			buildSettings = {
				ALWAYS_SEARCH_USER_PATHS = NO;
				ASSETCATALOG_COMPILER_GENERATE_SWIFT_ASSET_SYMBOL_EXTENSIONS = YES;
				CLANG_ANALYZER_NONNULL = YES;
				CLANG_ANALYZER_NUMBER_OBJECT_CONVERSION = YES_AGGRESSIVE;
				CLANG_CXX_LANGUAGE_STANDARD = "gnu++20";
				CLANG_ENABLE_MODULES = YES;
				CLANG_ENABLE_OBJC_ARC = YES;
				CLANG_ENABLE_OBJC_WEAK = YES;
				CLANG_WARN_BLOCK_CAPTURE_AUTORELEASING = YES;
				CLANG_WARN_BOOL_CONVERSION = YES;
				CLANG_WARN_COMMA = YES;
				CLANG_WARN_CONSTANT_CONVERSION = YES;
				CLANG_WARN_DEPRECATED_OBJC_IMPLEMENTATIONS = YES;
				CLANG_WARN_DIRECT_OBJC_ISA_USAGE = YES_ERROR;
				CLANG_WARN_DOCUMENTATION_COMMENTS = YES;
				CLANG_WARN_EMPTY_BODY = YES;
				CLANG_WARN_ENUM_CONVERSION = YES;
				CLANG_WARN_INFINITE_RECURSION = YES;
				CLANG_WARN_INT_CONVERSION = YES;
				CLANG_WARN_NON_LITERAL_NULL_CONVERSION = YES;
				CLANG_WARN_OBJC_IMPLICIT_RETAIN_SELF = YES;
				CLANG_WARN_OBJC_LITERAL_CONVERSION = YES;
				CLANG_WARN_OBJC_ROOT_CLASS = YES_ERROR;
				CLANG_WARN_QUOTED_INCLUDE_IN_FRAMEWORK_HEADER = YES;
				CLANG_WARN_RANGE_LOOP_ANALYSIS = YES;
				CLANG_WARN_STRICT_PROTOTYPES = YES;
				CLANG_WARN_SUSPICIOUS_MOVE = YES;
				CLANG_WARN_UNGUARDED_AVAILABILITY = YES_AGGRESSIVE;
				CLANG_WARN_UNREACHABLE_CODE = YES;
				CLANG_WARN__DUPLICATE_METHOD_MATCH = YES;
				COPY_PHASE_STRIP = NO;
				DEBUG_INFORMATION_FORMAT = "dwarf-with-dsym";
				ENABLE_NS_ASSERTIONS = NO;
				ENABLE_STRICT_OBJC_MSGSEND = YES;
				ENABLE_USER_SCRIPT_SANDBOXING = YES;
				GCC_C_LANGUAGE_STANDARD = gnu17;
				GCC_NO_COMMON_BLOCKS = YES;
				GCC_WARN_64_TO_32_BIT_CONVERSION = YES;
				GCC_WARN_ABOUT_RETURN_TYPE = YES_ERROR;
				GCC_WARN_UNDECLARED_SELECTOR = YES;
				GCC_WARN_UNINITIALIZED_AUTOS = YES_AGGRESSIVE;
				GCC_WARN_UNUSED_FUNCTION = YES;
				GCC_WARN_UNUSED_VARIABLE = YES;
				IPHONEOS_DEPLOYMENT_TARGET = 17.0;
				LOCALIZATION_PREFERS_STRING_CATALOGS = YES;
				MTL_ENABLE_DEBUG_INFO = NO;
				MTL_FAST_MATH = YES;
				SDKROOT = iphoneos;
				SWIFT_COMPILATION_MODE = wholemodule;
				VALIDATE_PRODUCT = YES;
			};
			name = Release;
		};
		6C74923E2B7E3CAB008A5CF1 /* Debug */ = {
			isa = XCBuildConfiguration;
			buildSettings = {
				ASSETCATALOG_COMPILER_APPICON_NAME = AppIcon;
				ASSETCATALOG_COMPILER_GLOBAL_ACCENT_COLOR_NAME = AccentColor;
				CODE_SIGN_STYLE = Automatic;
				CURRENT_PROJECT_VERSION = 1;
				GENERATE_INFOPLIST_FILE = YES;
				INFOPLIST_FILE = "To-Do Manager/Info.plist";
				INFOPLIST_KEY_UIApplicationSupportsIndirectInputEvents = YES;
				INFOPLIST_KEY_UILaunchStoryboardName = LaunchScreen;
				INFOPLIST_KEY_UIMainStoryboardFile = Main;
				INFOPLIST_KEY_UISupportedInterfaceOrientations_iPad = "UIInterfaceOrientationPortrait UIInterfaceOrientationPortraitUpsideDown UIInterfaceOrientationLandscapeLeft UIInterfaceOrientationLandscapeRight";
				INFOPLIST_KEY_UISupportedInterfaceOrientations_iPhone = "UIInterfaceOrientationPortrait UIInterfaceOrientationLandscapeLeft UIInterfaceOrientationLandscapeRight";
				IPHONEOS_DEPLOYMENT_TARGET = 15.0;
				LD_RUNPATH_SEARCH_PATHS = (
					"$(inherited)",
					"@executable_path/Frameworks",
				);
				MARKETING_VERSION = 1.0;
				PRODUCT_BUNDLE_IDENTIFIER = "com.AndreiShpartou.To-Do-Manager";
				PRODUCT_NAME = "$(TARGET_NAME)";
				SWIFT_EMIT_LOC_STRINGS = YES;
				SWIFT_VERSION = 5.0;
				TARGETED_DEVICE_FAMILY = "1,2";
			};
			name = Debug;
		};
		6C74923F2B7E3CAB008A5CF1 /* Release */ = {
			isa = XCBuildConfiguration;
			buildSettings = {
				ASSETCATALOG_COMPILER_APPICON_NAME = AppIcon;
				ASSETCATALOG_COMPILER_GLOBAL_ACCENT_COLOR_NAME = AccentColor;
				CODE_SIGN_STYLE = Automatic;
				CURRENT_PROJECT_VERSION = 1;
				GENERATE_INFOPLIST_FILE = YES;
				INFOPLIST_FILE = "To-Do Manager/Info.plist";
				INFOPLIST_KEY_UIApplicationSupportsIndirectInputEvents = YES;
				INFOPLIST_KEY_UILaunchStoryboardName = LaunchScreen;
				INFOPLIST_KEY_UIMainStoryboardFile = Main;
				INFOPLIST_KEY_UISupportedInterfaceOrientations_iPad = "UIInterfaceOrientationPortrait UIInterfaceOrientationPortraitUpsideDown UIInterfaceOrientationLandscapeLeft UIInterfaceOrientationLandscapeRight";
				INFOPLIST_KEY_UISupportedInterfaceOrientations_iPhone = "UIInterfaceOrientationPortrait UIInterfaceOrientationLandscapeLeft UIInterfaceOrientationLandscapeRight";
				IPHONEOS_DEPLOYMENT_TARGET = 15.0;
				LD_RUNPATH_SEARCH_PATHS = (
					"$(inherited)",
					"@executable_path/Frameworks",
				);
				MARKETING_VERSION = 1.0;
				PRODUCT_BUNDLE_IDENTIFIER = "com.AndreiShpartou.To-Do-Manager";
				PRODUCT_NAME = "$(TARGET_NAME)";
				SWIFT_EMIT_LOC_STRINGS = YES;
				SWIFT_VERSION = 5.0;
				TARGETED_DEVICE_FAMILY = "1,2";
			};
			name = Release;
		};
/* End XCBuildConfiguration section */

/* Begin XCConfigurationList section */
		6C7492242B7E3CAA008A5CF1 /* Build configuration list for PBXProject "To-Do Manager" */ = {
			isa = XCConfigurationList;
			buildConfigurations = (
				6C74923B2B7E3CAB008A5CF1 /* Debug */,
				6C74923C2B7E3CAB008A5CF1 /* Release */,
			);
			defaultConfigurationIsVisible = 0;
			defaultConfigurationName = Release;
		};
		6C74923D2B7E3CAB008A5CF1 /* Build configuration list for PBXNativeTarget "To-Do Manager" */ = {
			isa = XCConfigurationList;
			buildConfigurations = (
				6C74923E2B7E3CAB008A5CF1 /* Debug */,
				6C74923F2B7E3CAB008A5CF1 /* Release */,
			);
			defaultConfigurationIsVisible = 0;
			defaultConfigurationName = Release;
		};
/* End XCConfigurationList section */
	};
	rootObject = 6C7492212B7E3CAA008A5CF1 /* Project object */;
}
